lockfileVersion: '9.0'

settings:
  autoInstallPeers: true
  excludeLinksFromLockfile: false

importers:

  .:
    dependencies:
      dompurify:
        specifier: ^3.2.4
        version: 3.2.4
    devDependencies:
      '@types/dompurify':
        specifier: ^3.2.0
        version: 3.2.0

packages:

  '@types/dompurify@3.2.0':
    resolution: {integrity: sha512-Fgg31wv9QbLDA0SpTOXO3MaxySc4DKGLi8sna4/Utjo4r3ZRPdCt4UQee8BWr+Q5z21yifghREPJGYaEOEIACg==}
    deprecated: This is a stub types definition. dompurify provides its own type definitions, so you do not need this installed.

  '@types/trusted-types@2.0.7':
    resolution: {integrity: sha512-ScaPdn1dQczgbl0QFTeTOmVHFULt394XJgOQNoyVhZ6r2vLnMLJfBPd53SB52T/3G36VI1/g2MZaX0cwDuXsfw==}

  dompurify@3.2.4:
    resolution: {integrity: sha512-ysFSFEDVduQpyhzAob/kkuJjf5zWkZD8/A9ywSp1byueyuCfHamrCBa14/Oc2iiB0e51B+NpxSl5gmzn+Ms/mg==}

snapshots:

  '@types/dompurify@3.2.0':
    dependencies:
      dompurify: 3.2.4

  '@types/trusted-types@2.0.7':
    optional: true

  dompurify@3.2.4:
    optionalDependencies:
      '@types/trusted-types': 2.0.7
